# This file is automatically @generated by Poetry 2.2.1 and should not be changed by hand.

[[package]]
name = "cpp-simple-interface"
version = "0.1.2"
description = "compile c++ program with local g++/mingw compiler."
optional = false
python-versions = ">=3.10"
groups = ["main"]
files = [
    {file = "cpp_simple_interface-0.1.2-py3-none-any.whl", hash = "sha256:911e42681c93e700f4c44d57dacde237315c0e6f7a193514438a1babaf29f7b0"},
    {file = "cpp_simple_interface-0.1.2.tar.gz", hash = "sha256:3f08cfa32c0fa6d34cedca7d30509ebaad4c51dc2d8a0a34be9cc7874eff06a7"},
]

[[package]]
name = "pd-code-de-r1"
version = "0.1.0"
description = "erase r1-move from link pd_code."
optional = false
python-versions = ">=3.10"
groups = ["main"]
files = [
    {file = "pd_code_de_r1-0.1.0-py3-none-any.whl", hash = "sha256:15d191ef673583e57eb46aff8135e3c2e7f1d8b6f7c8b806a51ac15edf967445"},
    {file = "pd_code_de_r1-0.1.0.tar.gz", hash = "sha256:8605052bf781fc84df5bdc775d31bec6d449266d1e96e82353a70fcb21b20b93"},
]

[package.dependencies]
pd_code_sanity = "*"

[[package]]
name = "pd-code-delete-nugatory"
version = "0.1.1"
description = "delete all nugatory crossing from a pd_code (link or knot)."
optional = false
python-versions = ">=3.10"
groups = ["main"]
files = [
    {file = "pd_code_delete_nugatory-0.1.1-py3-none-any.whl", hash = "sha256:928af2c08e4b8537a37c4bcaf08284d68397414833a8abdcf2b8f59a79f07d02"},
    {file = "pd_code_delete_nugatory-0.1.1.tar.gz", hash = "sha256:42901c3697dc03a2ce8931739b7a92d08f7cbfee8e3cfb81fbd715de77ffd231"},
]

[package.dependencies]
pd_code_de_r1 = "*"
pd_code_pre_nxt = "*"

[[package]]
name = "pd-code-pre-nxt"
version = "0.0.1"
description = "get `pre` and `next` node for every number in pd_code."
optional = false
python-versions = ">=3.10"
groups = ["main"]
files = [
    {file = "pd_code_pre_nxt-0.0.1-py3-none-any.whl", hash = "sha256:db15b6e4eaa0451f193059c6b0f70aab13938005766c070fe337edd2c7fb83b7"},
    {file = "pd_code_pre_nxt-0.0.1.tar.gz", hash = "sha256:5031a28e7236ed29b78222c300c3a863056251ec30854920299421c6ceaaeed1"},
]

[[package]]
name = "pd-code-sanity"
version = "0.0.1"
description = "check pd_code weak sanity."
optional = false
python-versions = ">=3.10"
groups = ["main"]
files = [
    {file = "pd_code_sanity-0.0.1-py3-none-any.whl", hash = "sha256:03620359351c00fea1ef50c07656dce4091b80796d6d3fdc14c1ac8b1ac4fe38"},
    {file = "pd_code_sanity-0.0.1.tar.gz", hash = "sha256:b3a02d84e9ea1d21990081ba6036f03cbcf8f1d95a28dbc9ec3773d3bf578e19"},
]

[metadata]
lock-version = "2.1"
python-versions = ">=3.10"
content-hash = "d324a81c66f377bc0af368b5fe313682e912564091d210b63e7b99183726346d"
